// !$*UTF8*$!
{
	archiveVersion = 1;
	classes = {
	};
	objectVersion = 50;
	objects = {

/* Begin PBXBuildFile section */
		502D291528C58C3800BF5255 /* StacksTutorial.swift in Sources */ = {isa = PBXBuildFile; fileRef = 502D291428C58C3800BF5255 /* StacksTutorial.swift */; };
		502D291728C5AE8F00BF5255 /* StacksTutorial2.swift in Sources */ = {isa = PBXBuildFile; fileRef = 502D291628C5AE8F00BF5255 /* StacksTutorial2.swift */; };
		502D291928C5D3C300BF5255 /* PaddingTutorial.swift in Sources */ = {isa = PBXBuildFile; fileRef = 502D291828C5D3C300BF5255 /* PaddingTutorial.swift */; };
		5064662828C8505A00FBCD97 /* SpacersTutorial.swift in Sources */ = {isa = PBXBuildFile; fileRef = 5064662728C8505A00FBCD97 /* SpacersTutorial.swift */; };
		50CB5D2E28C481CE00D90260 /* SwiftUI_TutorialApp.swift in Sources */ = {isa = PBXBuildFile; fileRef = 50CB5D2D28C481CE00D90260 /* SwiftUI_TutorialApp.swift */; };
		50CB5D3028C481CE00D90260 /* ContentView.swift in Sources */ = {isa = PBXBuildFile; fileRef = 50CB5D2F28C481CE00D90260 /* ContentView.swift */; };
		50CB5D3228C481D100D90260 /* Assets.xcassets in Resources */ = {isa = PBXBuildFile; fileRef = 50CB5D3128C481D100D90260 /* Assets.xcassets */; };
		50CB5D3528C481D100D90260 /* Preview Assets.xcassets in Resources */ = {isa = PBXBuildFile; fileRef = 50CB5D3428C481D100D90260 /* Preview Assets.xcassets */; };
		50CB5D3D28C4820C00D90260 /* TextTutorial.swift in Sources */ = {isa = PBXBuildFile; fileRef = 50CB5D3C28C4820C00D90260 /* TextTutorial.swift */; };
		50CB5D3F28C4837100D90260 /* ShapesTutorial.swift in Sources */ = {isa = PBXBuildFile; fileRef = 50CB5D3E28C4837100D90260 /* ShapesTutorial.swift */; };
		50CB5D4128C4B16A00D90260 /* ColorsTutorial.swift in Sources */ = {isa = PBXBuildFile; fileRef = 50CB5D4028C4B16900D90260 /* ColorsTutorial.swift */; };
		50CB5D4328C4C03800D90260 /* IconTutorial.swift in Sources */ = {isa = PBXBuildFile; fileRef = 50CB5D4228C4C03800D90260 /* IconTutorial.swift */; };
/* End PBXBuildFile section */

/* Begin PBXFileReference section */
		502D291428C58C3800BF5255 /* StacksTutorial.swift */ = {isa = PBXFileReference; lastKnownFileType = sourcecode.swift; path = StacksTutorial.swift; sourceTree = "<group>"; };
		502D291628C5AE8F00BF5255 /* StacksTutorial2.swift */ = {isa = PBXFileReference; lastKnownFileType = sourcecode.swift; path = StacksTutorial2.swift; sourceTree = "<group>"; };
		502D291828C5D3C300BF5255 /* PaddingTutorial.swift */ = {isa = PBXFileReference; lastKnownFileType = sourcecode.swift; path = PaddingTutorial.swift; sourceTree = "<group>"; };
		5064662728C8505A00FBCD97 /* SpacersTutorial.swift */ = {isa = PBXFileReference; lastKnownFileType = sourcecode.swift; path = SpacersTutorial.swift; sourceTree = "<group>"; };
		50CB5D2A28C481CE00D90260 /* SwiftUI Tutorial.app */ = {isa = PBXFileReference; explicitFileType = wrapper.application; includeInIndex = 0; path = "SwiftUI Tutorial.app"; sourceTree = BUILT_PRODUCTS_DIR; };
		50CB5D2D28C481CE00D90260 /* SwiftUI_TutorialApp.swift */ = {isa = PBXFileReference; lastKnownFileType = sourcecode.swift; path = SwiftUI_TutorialApp.swift; sourceTree = "<group>"; };
		50CB5D2F28C481CE00D90260 /* ContentView.swift */ = {isa = PBXFileReference; lastKnownFileType = sourcecode.swift; path = ContentView.swift; sourceTree = "<group>"; };
		50CB5D3128C481D100D90260 /* Assets.xcassets */ = {isa = PBXFileReference; lastKnownFileType = folder.assetcatalog; path = Assets.xcassets; sourceTree = "<group>"; };
		50CB5D3428C481D100D90260 /* Preview Assets.xcassets */ = {isa = PBXFileReference; lastKnownFileType = folder.assetcatalog; path = "Preview Assets.xcassets"; sourceTree = "<group>"; };
		50CB5D3628C481D100D90260 /* Info.plist */ = {isa = PBXFileReference; lastKnownFileType = text.plist.xml; path = Info.plist; sourceTree = "<group>"; };
		50CB5D3C28C4820C00D90260 /* TextTutorial.swift */ = {isa = PBXFileReference; lastKnownFileType = sourcecode.swift; path = TextTutorial.swift; sourceTree = "<group>"; };
		50CB5D3E28C4837100D90260 /* ShapesTutorial.swift */ = {isa = PBXFileReference; lastKnownFileType = sourcecode.swift; path = ShapesTutorial.swift; sourceTree = "<group>"; };
		50CB5D4028C4B16900D90260 /* ColorsTutorial.swift */ = {isa = PBXFileReference; lastKnownFileType = sourcecode.swift; path = ColorsTutorial.swift; sourceTree = "<group>"; };
		50CB5D4228C4C03800D90260 /* IconTutorial.swift */ = {isa = PBXFileReference; lastKnownFileType = sourcecode.swift; path = IconTutorial.swift; sourceTree = "<group>"; };
/* End PBXFileReference section */

/* Begin PBXFrameworksBuildPhase section */
		50CB5D2728C481CE00D90260 /* Frameworks */ = {
			isa = PBXFrameworksBuildPhase;
			buildActionMask = 2147483647;
			files = (
			);
			runOnlyForDeploymentPostprocessing = 0;
		};
/* End PBXFrameworksBuildPhase section */

/* Begin PBXGroup section */
		50CB5D2128C481CE00D90260 = {
			isa = PBXGroup;
			children = (
				50CB5D2C28C481CE00D90260 /* SwiftUI Tutorial */,
				50CB5D2B28C481CE00D90260 /* Products */,
			);
			sourceTree = "<group>";
		};
		50CB5D2B28C481CE00D90260 /* Products */ = {
			isa = PBXGroup;
			children = (
				50CB5D2A28C481CE00D90260 /* SwiftUI Tutorial.app */,
			);
			name = Products;
			sourceTree = "<group>";
		};
		50CB5D2C28C481CE00D90260 /* SwiftUI Tutorial */ = {
			isa = PBXGroup;
			children = (
				50CB5D2D28C481CE00D90260 /* SwiftUI_TutorialApp.swift */,
				50CB5D2F28C481CE00D90260 /* ContentView.swift */,
				50CB5D3128C481D100D90260 /* Assets.xcassets */,
				50CB5D3628C481D100D90260 /* Info.plist */,
				50CB5D3328C481D100D90260 /* Preview Content */,
				50CB5D3C28C4820C00D90260 /* TextTutorial.swift */,
				50CB5D3E28C4837100D90260 /* ShapesTutorial.swift */,
				50CB5D4028C4B16900D90260 /* ColorsTutorial.swift */,
				50CB5D4228C4C03800D90260 /* IconTutorial.swift */,
				502D291428C58C3800BF5255 /* StacksTutorial.swift */,
				502D291628C5AE8F00BF5255 /* StacksTutorial2.swift */,
				502D291828C5D3C300BF5255 /* PaddingTutorial.swift */,
				5064662728C8505A00FBCD97 /* SpacersTutorial.swift */,
			);
			path = "SwiftUI Tutorial";
			sourceTree = "<group>";
		};
		50CB5D3328C481D100D90260 /* Preview Content */ = {
			isa = PBXGroup;
			children = (
				50CB5D3428C481D100D90260 /* Preview Assets.xcassets */,
			);
			path = "Preview Content";
			sourceTree = "<group>";
		};
/* End PBXGroup section */

/* Begin PBXNativeTarget section */
		50CB5D2928C481CE00D90260 /* SwiftUI Tutorial */ = {
			isa = PBXNativeTarget;
			buildConfigurationList = 50CB5D3928C481D100D90260 /* Build configuration list for PBXNativeTarget "SwiftUI Tutorial" */;
			buildPhases = (
				50CB5D2628C481CE00D90260 /* Sources */,
				50CB5D2728C481CE00D90260 /* Frameworks */,
				50CB5D2828C481CE00D90260 /* Resources */,
			);
			buildRules = (
			);
			dependencies = (
			);
			name = "SwiftUI Tutorial";
			productName = "SwiftUI Tutorial";
			productReference = 50CB5D2A28C481CE00D90260 /* SwiftUI Tutorial.app */;
			productType = "com.apple.product-type.application";
		};
/* End PBXNativeTarget section */

/* Begin PBXProject section */
		50CB5D2228C481CE00D90260 /* Project object */ = {
			isa = PBXProject;
			attributes = {
				LastSwiftUpdateCheck = 1250;
				LastUpgradeCheck = 1250;
				TargetAttributes = {
					50CB5D2928C481CE00D90260 = {
						CreatedOnToolsVersion = 12.5;
					};
				};
			};
			buildConfigurationList = 50CB5D2528C481CE00D90260 /* Build configuration list for PBXProject "SwiftUI Tutorial" */;
			compatibilityVersion = "Xcode 9.3";
			developmentRegion = en;
			hasScannedForEncodings = 0;
			knownRegions = (
				en,
				Base,
			);
			mainGroup = 50CB5D2128C481CE00D90260;
			productRefGroup = 50CB5D2B28C481CE00D90260 /* Products */;
			projectDirPath = "";
			projectRoot = "";
			targets = (
				50CB5D2928C481CE00D90260 /* SwiftUI Tutorial */,
			);
		};
/* End PBXProject section */

/* Begin PBXResourcesBuildPhase section */
		50CB5D2828C481CE00D90260 /* Resources */ = {
			isa = PBXResourcesBuildPhase;
			buildActionMask = 2147483647;
			files = (
				50CB5D3528C481D100D90260 /* Preview Assets.xcassets in Resources */,
				50CB5D3228C481D100D90260 /* Assets.xcassets in Resources */,
			);
			runOnlyForDeploymentPostprocessing = 0;
		};
/* End PBXResourcesBuildPhase section */

/* Begin PBXSourcesBuildPhase section */
		50CB5D2628C481CE00D90260 /* Sources */ = {
			isa = PBXSourcesBuildPhase;
			buildActionMask = 2147483647;
			files = (
				50CB5D4328C4C03800D90260 /* IconTutorial.swift in Sources */,
				50CB5D3028C481CE00D90260 /* ContentView.swift in Sources */,
				502D291928C5D3C300BF5255 /* PaddingTutorial.swift in Sources */,
				5064662828C8505A00FBCD97 /* SpacersTutorial.swift in Sources */,
				50CB5D3D28C4820C00D90260 /* TextTutorial.swift in Sources */,
				50CB5D4128C4B16A00D90260 /* ColorsTutorial.swift in Sources */,
				50CB5D2E28C481CE00D90260 /* SwiftUI_TutorialApp.swift in Sources */,
				50CB5D3F28C4837100D90260 /* ShapesTutorial.swift in Sources */,
				502D291528C58C3800BF5255 /* StacksTutorial.swift in Sources */,
				502D291728C5AE8F00BF5255 /* StacksTutorial2.swift in Sources */,
			);
			runOnlyForDeploymentPostprocessing = 0;
		};
/* End PBXSourcesBuildPhase section */

/* Begin XCBuildConfiguration section */
		50CB5D3728C481D100D90260 /* Debug */ = {
			isa = XCBuildConfiguration;
			buildSettings = {
				ALWAYS_SEARCH_USER_PATHS = NO;
				CLANG_ANALYZER_NONNULL = YES;
				CLANG_ANALYZER_NUMBER_OBJECT_CONVERSION = YES_AGGRESSIVE;
				CLANG_CXX_LANGUAGE_STANDARD = "gnu++14";
				CLANG_CXX_LIBRARY = "libc++";
				CLANG_ENABLE_MODULES = YES;
				CLANG_ENABLE_OBJC_ARC = YES;
				CLANG_ENABLE_OBJC_WEAK = YES;
				CLANG_WARN_BLOCK_CAPTURE_AUTORELEASING = YES;
				CLANG_WARN_BOOL_CONVERSION = YES;
				CLANG_WARN_COMMA = YES;
				CLANG_WARN_CONSTANT_CONVERSION = YES;
				CLANG_WARN_DEPRECATED_OBJC_IMPLEMENTATIONS = YES;
				CLANG_WARN_DIRECT_OBJC_ISA_USAGE = YES_ERROR;
				CLANG_WARN_DOCUMENTATION_COMMENTS = YES;
				CLANG_WARN_EMPTY_BODY = YES;
				CLANG_WARN_ENUM_CONVERSION = YES;
				CLANG_WARN_INFINITE_RECURSION = YES;
				CLANG_WARN_INT_CONVERSION = YES;
				CLANG_WARN_NON_LITERAL_NULL_CONVERSION = YES;
				CLANG_WARN_OBJC_IMPLICIT_RETAIN_SELF = YES;
				CLANG_WARN_OBJC_LITERAL_CONVERSION = YES;
				CLANG_WARN_OBJC_ROOT_CLASS = YES_ERROR;
				CLANG_WARN_QUOTED_INCLUDE_IN_FRAMEWORK_HEADER = YES;
				CLANG_WARN_RANGE_LOOP_ANALYSIS = YES;
				CLANG_WARN_STRICT_PROTOTYPES = YES;
				CLANG_WARN_SUSPICIOUS_MOVE = YES;
				CLANG_WARN_UNGUARDED_AVAILABILITY = YES_AGGRESSIVE;
				CLANG_WARN_UNREACHABLE_CODE = YES;
				CLANG_WARN__DUPLICATE_METHOD_MATCH = YES;
				COPY_PHASE_STRIP = NO;
				DEBUG_INFORMATION_FORMAT = dwarf;
				ENABLE_STRICT_OBJC_MSGSEND = YES;
				ENABLE_TESTABILITY = YES;
				GCC_C_LANGUAGE_STANDARD = gnu11;
				GCC_DYNAMIC_NO_PIC = NO;
				GCC_NO_COMMON_BLOCKS = YES;
				GCC_OPTIMIZATION_LEVEL = 0;
				GCC_PREPROCESSOR_DEFINITIONS = (
					"DEBUG=1",
					"$(inherited)",
				);
				GCC_WARN_64_TO_32_BIT_CONVERSION = YES;
				GCC_WARN_ABOUT_RETURN_TYPE = YES_ERROR;
				GCC_WARN_UNDECLARED_SELECTOR = YES;
				GCC_WARN_UNINITIALIZED_AUTOS = YES_AGGRESSIVE;
				GCC_WARN_UNUSED_FUNCTION = YES;
				GCC_WARN_UNUSED_VARIABLE = YES;
				IPHONEOS_DEPLOYMENT_TARGET = 14.5;
				MTL_ENABLE_DEBUG_INFO = INCLUDE_SOURCE;
				MTL_FAST_MATH = YES;
				ONLY_ACTIVE_ARCH = YES;
				SDKROOT = iphoneos;
				SWIFT_ACTIVE_COMPILATION_CONDITIONS = DEBUG;
				SWIFT_OPTIMIZATION_LEVEL = "-Onone";
			};
			name = Debug;
		};
		50CB5D3828C481D100D90260 /* Release */ = {
			isa = XCBuildConfiguration;
			buildSettings = {
				ALWAYS_SEARCH_USER_PATHS = NO;
				CLANG_ANALYZER_NONNULL = YES;
				CLANG_ANALYZER_NUMBER_OBJECT_CONVERSION = YES_AGGRESSIVE;
				CLANG_CXX_LANGUAGE_STANDARD = "gnu++14";
				CLANG_CXX_LIBRARY = "libc++";
				CLANG_ENABLE_MODULES = YES;
				CLANG_ENABLE_OBJC_ARC = YES;
				CLANG_ENABLE_OBJC_WEAK = YES;
				CLANG_WARN_BLOCK_CAPTURE_AUTORELEASING = YES;
				CLANG_WARN_BOOL_CONVERSION = YES;
				CLANG_WARN_COMMA = YES;
				CLANG_WARN_CONSTANT_CONVERSION = YES;
				CLANG_WARN_DEPRECATED_OBJC_IMPLEMENTATIONS = YES;
				CLANG_WARN_DIRECT_OBJC_ISA_USAGE = YES_ERROR;
				CLANG_WARN_DOCUMENTATION_COMMENTS = YES;
				CLANG_WARN_EMPTY_BODY = YES;
				CLANG_WARN_ENUM_CONVERSION = YES;
				CLANG_WARN_INFINITE_RECURSION = YES;
				CLANG_WARN_INT_CONVERSION = YES;
				CLANG_WARN_NON_LITERAL_NULL_CONVERSION = YES;
				CLANG_WARN_OBJC_IMPLICIT_RETAIN_SELF = YES;
				CLANG_WARN_OBJC_LITERAL_CONVERSION = YES;
				CLANG_WARN_OBJC_ROOT_CLASS = YES_ERROR;
				CLANG_WARN_QUOTED_INCLUDE_IN_FRAMEWORK_HEADER = YES;
				CLANG_WARN_RANGE_LOOP_ANALYSIS = YES;
				CLANG_WARN_STRICT_PROTOTYPES = YES;
				CLANG_WARN_SUSPICIOUS_MOVE = YES;
				CLANG_WARN_UNGUARDED_AVAILABILITY = YES_AGGRESSIVE;
				CLANG_WARN_UNREACHABLE_CODE = YES;
				CLANG_WARN__DUPLICATE_METHOD_MATCH = YES;
				COPY_PHASE_STRIP = NO;
				DEBUG_INFORMATION_FORMAT = "dwarf-with-dsym";
				ENABLE_NS_ASSERTIONS = NO;
				ENABLE_STRICT_OBJC_MSGSEND = YES;
				GCC_C_LANGUAGE_STANDARD = gnu11;
				GCC_NO_COMMON_BLOCKS = YES;
				GCC_WARN_64_TO_32_BIT_CONVERSION = YES;
				GCC_WARN_ABOUT_RETURN_TYPE = YES_ERROR;
				GCC_WARN_UNDECLARED_SELECTOR = YES;
				GCC_WARN_UNINITIALIZED_AUTOS = YES_AGGRESSIVE;
				GCC_WARN_UNUSED_FUNCTION = YES;
				GCC_WARN_UNUSED_VARIABLE = YES;
				IPHONEOS_DEPLOYMENT_TARGET = 14.5;
				MTL_ENABLE_DEBUG_INFO = NO;
				MTL_FAST_MATH = YES;
				SDKROOT = iphoneos;
				SWIFT_COMPILATION_MODE = wholemodule;
				SWIFT_OPTIMIZATION_LEVEL = "-O";
				VALIDATE_PRODUCT = YES;
			};
			name = Release;
		};
		50CB5D3A28C481D100D90260 /* Debug */ = {
			isa = XCBuildConfiguration;
			buildSettings = {
				ASSETCATALOG_COMPILER_APPICON_NAME = AppIcon;
				ASSETCATALOG_COMPILER_GLOBAL_ACCENT_COLOR_NAME = AccentColor;
				CODE_SIGN_STYLE = Automatic;
				DEVELOPMENT_ASSET_PATHS = "\"SwiftUI Tutorial/Preview Content\"";
				ENABLE_PREVIEWS = YES;
				INFOPLIST_FILE = "SwiftUI Tutorial/Info.plist";
				IPHONEOS_DEPLOYMENT_TARGET = 14.0;
				LD_RUNPATH_SEARCH_PATHS = (
					"$(inherited)",
					"@executable_path/Frameworks",
				);
				PRODUCT_BUNDLE_IDENTIFIER = "randeepm3.SwiftUI-Tutorial";
				PRODUCT_NAME = "$(TARGET_NAME)";
				SWIFT_VERSION = 5.0;
				TARGETED_DEVICE_FAMILY = "1,2";
			};
			name = Debug;
		};
		50CB5D3B28C481D100D90260 /* Release */ = {
			isa = XCBuildConfiguration;
			buildSettings = {
				ASSETCATALOG_COMPILER_APPICON_NAME = AppIcon;
				ASSETCATALOG_COMPILER_GLOBAL_ACCENT_COLOR_NAME = AccentColor;
				CODE_SIGN_STYLE = Automatic;
				DEVELOPMENT_ASSET_PATHS = "\"SwiftUI Tutorial/Preview Content\"";
				ENABLE_PREVIEWS = YES;
				INFOPLIST_FILE = "SwiftUI Tutorial/Info.plist";
				IPHONEOS_DEPLOYMENT_TARGET = 14.0;
				LD_RUNPATH_SEARCH_PATHS = (
					"$(inherited)",
					"@executable_path/Frameworks",
				);
				PRODUCT_BUNDLE_IDENTIFIER = "randeepm3.SwiftUI-Tutorial";
				PRODUCT_NAME = "$(TARGET_NAME)";
				SWIFT_VERSION = 5.0;
				TARGETED_DEVICE_FAMILY = "1,2";
			};
			name = Release;
		};
/* End XCBuildConfiguration section */

/* Begin XCConfigurationList section */
		50CB5D2528C481CE00D90260 /* Build configuration list for PBXProject "SwiftUI Tutorial" */ = {
			isa = XCConfigurationList;
			buildConfigurations = (
				50CB5D3728C481D100D90260 /* Debug */,
				50CB5D3828C481D100D90260 /* Release */,
			);
			defaultConfigurationIsVisible = 0;
			defaultConfigurationName = Release;
		};
		50CB5D3928C481D100D90260 /* Build configuration list for PBXNativeTarget "SwiftUI Tutorial" */ = {
			isa = XCConfigurationList;
			buildConfigurations = (
				50CB5D3A28C481D100D90260 /* Debug */,
				50CB5D3B28C481D100D90260 /* Release */,
			);
			defaultConfigurationIsVisible = 0;
			defaultConfigurationName = Release;
		};
/* End XCConfigurationList section */
	};
	rootObject = 50CB5D2228C481CE00D90260 /* Project object */;
}
